
Microsoft Visual Studio Solution File, Format Version 12.00
# Visual Studio Version 16
VisualStudioVersion = 16.0.31205.134
MinimumVisualStudioVersion = 10.0.40219.1
Project("{FAE04EC0-301F-11D3-BF4B-00C04F79EFBC}") = "TabbedPageMinimalBugExample.Android", "TabbedPageMinimalBugExample.Android\TabbedPageMinimalBugExample.Android.csproj", "{A85D82DC-7564-4ACD-8C7E-2E96D30EAE64}"
EndProject
Project("{FAE04EC0-301F-11D3-BF4B-00C04F79EFBC}") = "TabbedPageMinimalBugExample.iOS", "TabbedPageMinimalBugExample.iOS\TabbedPageMinimalBugExample.iOS.csproj", "{BF32B622-BD67-4FBC-BEF3-B6D04C02D07F}"
EndProject
Project("{FAE04EC0-301F-11D3-BF4B-00C04F79EFBC}") = "TabbedPageMinimalBugExample", "TabbedPageMinimalBugExample\TabbedPageMinimalBugExample.csproj", "{06E8D3B7-B391-4918-A89E-8D776C17A531}"
EndProject
Global
	GlobalSection(SolutionConfigurationPlatforms) = preSolution
		Debug|Any CPU = Debug|Any CPU
		Debug|iPhone = Debug|iPhone
		Debug|iPhoneSimulator = Debug|iPhoneSimulator
		Release|Any CPU = Release|Any CPU
		Release|iPhone = Release|iPhone
		Release|iPhoneSimulator = Release|iPhoneSimulator
	EndGlobalSection
	GlobalSection(ProjectConfigurationPlatforms) = postSolution
		{A85D82DC-7564-4ACD-8C7E-2E96D30EAE64}.Debug|Any CPU.ActiveCfg = Debug|Any CPU
		{A85D82DC-7564-4ACD-8C7E-2E96D30EAE64}.Debug|Any CPU.Build.0 = Debug|Any CPU
		{A85D82DC-7564-4ACD-8C7E-2E96D30EAE64}.Debug|Any CPU.Deploy.0 = Debug|Any CPU
		{A85D82DC-7564-4ACD-8C7E-2E96D30EAE64}.Debug|iPhone.ActiveCfg = Debug|Any CPU
		{A85D82DC-7564-4ACD-8C7E-2E96D30EAE64}.Debug|iPhone.Build.0 = Debug|Any CPU
		{A85D82DC-7564-4ACD-8C7E-2E96D30EAE64}.Debug|iPhone.Deploy.0 = Debug|Any CPU
		{A85D82DC-7564-4ACD-8C7E-2E96D30EAE64}.Debug|iPhoneSimulator.ActiveCfg = Debug|Any CPU
		{A85D82DC-7564-4ACD-8C7E-2E96D30EAE64}.Debug|iPhoneSimulator.Build.0 = Debug|Any CPU
		{A85D82DC-7564-4ACD-8C7E-2E96D30EAE64}.Debug|iPhoneSimulator.Deploy.0 = Debug|Any CPU
		{A85D82DC-7564-4ACD-8C7E-2E96D30EAE64}.Release|Any CPU.ActiveCfg = Release|Any CPU
		{A85D82DC-7564-4ACD-8C7E-2E96D30EAE64}.Release|Any CPU.Build.0 = Release|Any CPU
		{A85D82DC-7564-4ACD-8C7E-2E96D30EAE64}.Release|Any CPU.Deploy.0 = Release|Any CPU
		{A85D82DC-7564-4ACD-8C7E-2E96D30EAE64}.Release|iPhone.ActiveCfg = Release|Any CPU
		{A85D82DC-7564-4ACD-8C7E-2E96D30EAE64}.Release|iPhone.Build.0 = Release|Any CPU
		{A85D82DC-7564-4ACD-8C7E-2E96D30EAE64}.Release|iPhone.Deploy.0 = Release|Any CPU
		{A85D82DC-7564-4ACD-8C7E-2E96D30EAE64}.Release|iPhoneSimulator.ActiveCfg = Release|Any CPU
		{A85D82DC-7564-4ACD-8C7E-2E96D30EAE64}.Release|iPhoneSimulator.Build.0 = Release|Any CPU
		{A85D82DC-7564-4ACD-8C7E-2E96D30EAE64}.Release|iPhoneSimulator.Deploy.0 = Release|Any CPU
		{BF32B622-BD67-4FBC-BEF3-B6D04C02D07F}.Debug|Any CPU.ActiveCfg = Debug|iPhone
		{BF32B622-BD67-4FBC-BEF3-B6D04C02D07F}.Debug|Any CPU.Build.0 = Debug|iPhone
		{BF32B622-BD67-4FBC-BEF3-B6D04C02D07F}.Debug|Any CPU.Deploy.0 = Debug|iPhone
		{BF32B622-BD67-4FBC-BEF3-B6D04C02D07F}.Debug|iPhone.ActiveCfg = Debug|iPhone
		{BF32B622-BD67-4FBC-BEF3-B6D04C02D07F}.Debug|iPhone.Build.0 = Debug|iPhone
		{BF32B622-BD67-4FBC-BEF3-B6D04C02D07F}.Debug|iPhone.Deploy.0 = Debug|iPhone
		{BF32B622-BD67-4FBC-BEF3-B6D04C02D07F}.Debug|iPhoneSimulator.ActiveCfg = Debug|iPhoneSimulator
		{BF32B622-BD67-4FBC-BEF3-B6D04C02D07F}.Debug|iPhoneSimulator.Build.0 = Debug|iPhoneSimulator
		{BF32B622-BD67-4FBC-BEF3-B6D04C02D07F}.Debug|iPhoneSimulator.Deploy.0 = Debug|iPhoneSimulator
		{BF32B622-BD67-4FBC-BEF3-B6D04C02D07F}.Release|Any CPU.ActiveCfg = Release|iPhoneSimulator
		{BF32B622-BD67-4FBC-BEF3-B6D04C02D07F}.Release|Any CPU.Build.0 = Release|iPhoneSimulator
		{BF32B622-BD67-4FBC-BEF3-B6D04C02D07F}.Release|Any CPU.Deploy.0 = Release|iPhoneSimulator
		{BF32B622-BD67-4FBC-BEF3-B6D04C02D07F}.Release|iPhone.ActiveCfg = Release|iPhone
		{BF32B622-BD67-4FBC-BEF3-B6D04C02D07F}.Release|iPhone.Build.0 = Release|iPhone
		{BF32B622-BD67-4FBC-BEF3-B6D04C02D07F}.Release|iPhone.Deploy.0 = Release|iPhone
		{BF32B622-BD67-4FBC-BEF3-B6D04C02D07F}.Release|iPhoneSimulator.ActiveCfg = Release|iPhoneSimulator
		{BF32B622-BD67-4FBC-BEF3-B6D04C02D07F}.Release|iPhoneSimulator.Build.0 = Release|iPhoneSimulator
		{BF32B622-BD67-4FBC-BEF3-B6D04C02D07F}.Release|iPhoneSimulator.Deploy.0 = Release|iPhoneSimulator
		{06E8D3B7-B391-4918-A89E-8D776C17A531}.Debug|Any CPU.ActiveCfg = Debug|Any CPU
		{06E8D3B7-B391-4918-A89E-8D776C17A531}.Debug|Any CPU.Build.0 = Debug|Any CPU
		{06E8D3B7-B391-4918-A89E-8D776C17A531}.Debug|Any CPU.Deploy.0 = Debug|Any CPU
		{06E8D3B7-B391-4918-A89E-8D776C17A531}.Debug|iPhone.ActiveCfg = Debug|Any CPU
		{06E8D3B7-B391-4918-A89E-8D776C17A531}.Debug|iPhone.Build.0 = Debug|Any CPU
		{06E8D3B7-B391-4918-A89E-8D776C17A531}.Debug|iPhone.Deploy.0 = Debug|Any CPU
		{06E8D3B7-B391-4918-A89E-8D776C17A531}.Debug|iPhoneSimulator.ActiveCfg = Debug|Any CPU
		{06E8D3B7-B391-4918-A89E-8D776C17A531}.Debug|iPhoneSimulator.Build.0 = Debug|Any CPU
		{06E8D3B7-B391-4918-A89E-8D776C17A531}.Debug|iPhoneSimulator.Deploy.0 = Debug|Any CPU
		{06E8D3B7-B391-4918-A89E-8D776C17A531}.Release|Any CPU.ActiveCfg = Release|Any CPU
		{06E8D3B7-B391-4918-A89E-8D776C17A531}.Release|Any CPU.Build.0 = Release|Any CPU
		{06E8D3B7-B391-4918-A89E-8D776C17A531}.Release|Any CPU.Deploy.0 = Release|Any CPU
		{06E8D3B7-B391-4918-A89E-8D776C17A531}.Release|iPhone.ActiveCfg = Release|Any CPU
		{06E8D3B7-B391-4918-A89E-8D776C17A531}.Release|iPhone.Build.0 = Release|Any CPU
		{06E8D3B7-B391-4918-A89E-8D776C17A531}.Release|iPhone.Deploy.0 = Release|Any CPU
		{06E8D3B7-B391-4918-A89E-8D776C17A531}.Release|iPhoneSimulator.ActiveCfg = Release|Any CPU
		{06E8D3B7-B391-4918-A89E-8D776C17A531}.Release|iPhoneSimulator.Build.0 = Release|Any CPU
		{06E8D3B7-B391-4918-A89E-8D776C17A531}.Release|iPhoneSimulator.Deploy.0 = Release|Any CPU
	EndGlobalSection
	GlobalSection(SolutionProperties) = preSolution
		HideSolutionNode = FALSE
	EndGlobalSection
	GlobalSection(ExtensibilityGlobals) = postSolution
		SolutionGuid = {4254C0F7-7DC9-4FE4-BE00-EFCA51350820}
	EndGlobalSection
EndGlobal
